// !$*UTF8*$!
{
	archiveVersion = 1;
	classes = {
	};
	objectVersion = 46;
	objects = {

/* Begin PBXBuildFile section */
		AD2845E51BA40CB7008C9D2F /* CoreFoundation.framework in Frameworks */ = {isa = PBXBuildFile; fileRef = AD2845E41BA40CB7008C9D2F /* CoreFoundation.framework */; };
		AD2845FD1BA41B2C008C9D2F /* PushConfig.plist in Resources */ = {isa = PBXBuildFile; fileRef = AD2845FC1BA41B2C008C9D2F /* PushConfig.plist */; };
		AD32E6301B68B08D007537DF /* main.m in Sources */ = {isa = PBXBuildFile; fileRef = AD32E62F1B68B08D007537DF /* main.m */; };
		AD32E6331B68B08D007537DF /* AppDelegate.m in Sources */ = {isa = PBXBuildFile; fileRef = AD32E6321B68B08D007537DF /* AppDelegate.m */; };
		AD32E6361B68B08D007537DF /* ViewController.m in Sources */ = {isa = PBXBuildFile; fileRef = AD32E6351B68B08D007537DF /* ViewController.m */; };
		AD32E6391B68B08D007537DF /* Main.storyboard in Resources */ = {isa = PBXBuildFile; fileRef = AD32E6371B68B08D007537DF /* Main.storyboard */; };
		AD32E63B1B68B08D007537DF /* Images.xcassets in Resources */ = {isa = PBXBuildFile; fileRef = AD32E63A1B68B08D007537DF /* Images.xcassets */; };
		AD32E63E1B68B08D007537DF /* LaunchScreen.xib in Resources */ = {isa = PBXBuildFile; fileRef = AD32E63C1B68B08D007537DF /* LaunchScreen.xib */; };
		AD4EE72F1BBF74C7006CE3E4 /* CarOwnerDriverTaskDetailsViewController.m in Sources */ = {isa = PBXBuildFile; fileRef = AD4EE72E1BBF74C7006CE3E4 /* CarOwnerDriverTaskDetailsViewController.m */; };
		AD5D367A1B955D1200BE17B6 /* CustomCollectionViewLayout.m in Sources */ = {isa = PBXBuildFile; fileRef = AD5D36791B955D1200BE17B6 /* CustomCollectionViewLayout.m */; };
		AD5D367D1B9696F200BE17B6 /* CarOwnerOrderDetailOneViewController.m in Sources */ = {isa = PBXBuildFile; fileRef = AD5D367C1B9696F200BE17B6 /* CarOwnerOrderDetailOneViewController.m */; };
		AD5D36801B96A08600BE17B6 /* CarOwnerOrderDetailTwoViewController.m in Sources */ = {isa = PBXBuildFile; fileRef = AD5D367F1B96A08600BE17B6 /* CarOwnerOrderDetailTwoViewController.m */; };
		AD5D36831B96A87C00BE17B6 /* CarOwnerSearchViewController.m in Sources */ = {isa = PBXBuildFile; fileRef = AD5D36821B96A87C00BE17B6 /* CarOwnerSearchViewController.m */; };
		AD5D36881B96CBA600BE17B6 /* TaskFilterView.xib in Resources */ = {isa = PBXBuildFile; fileRef = AD5D36871B96CBA600BE17B6 /* TaskFilterView.xib */; };
		AD5D368B1B96CC8600BE17B6 /* TaskFilterView.m in Sources */ = {isa = PBXBuildFile; fileRef = AD5D368A1B96CC8600BE17B6 /* TaskFilterView.m */; };
		AD5D368E1B97200C00BE17B6 /* CarOwnerPreferences.m in Sources */ = {isa = PBXBuildFile; fileRef = AD5D368D1B97200C00BE17B6 /* CarOwnerPreferences.m */; };
		AD5D36D51B99A11E00BE17B6 /* CarOwnerCompanySourceModel.m in Sources */ = {isa = PBXBuildFile; fileRef = AD5D36D41B99A11E00BE17B6 /* CarOwnerCompanySourceModel.m */; };
		AD5D36D81B9AE55100BE17B6 /* CarOwnerDriverSearchViewController.m in Sources */ = {isa = PBXBuildFile; fileRef = AD5D36D71B9AE55100BE17B6 /* CarOwnerDriverSearchViewController.m */; };
		AD743F0A1B907B690096A184 /* XRUIView.bundle in Resources */ = {isa = PBXBuildFile; fileRef = AD743F091B907B690096A184 /* XRUIView.bundle */; };
		AD8586951B8B16E700385867 /* CarOwnerForgotPasswordViewController.m in Sources */ = {isa = PBXBuildFile; fileRef = AD8586941B8B16E700385867 /* CarOwnerForgotPasswordViewController.m */; };
		AD85869F1B8C548900385867 /* CarOwnerCompanySearchViewController.m in Sources */ = {isa = PBXBuildFile; fileRef = AD85869E1B8C548900385867 /* CarOwnerCompanySearchViewController.m */; };
		AD8586A21B8C6E9900385867 /* CarOwnerNotThroughVehicleViewController.m in Sources */ = {isa = PBXBuildFile; fileRef = AD8586A11B8C6E9900385867 /* CarOwnerNotThroughVehicleViewController.m */; };
		AD8586A51B8D5C0E00385867 /* CarOwnerTaskDetailsViewController.m in Sources */ = {isa = PBXBuildFile; fileRef = AD8586A41B8D5C0E00385867 /* CarOwnerTaskDetailsViewController.m */; };
		AD8A076D1BE9B553006FDA27 /* CarOwnerBaseViewController.m in Sources */ = {isa = PBXBuildFile; fileRef = AD8A076C1BE9B553006FDA27 /* CarOwnerBaseViewController.m */; };
		AD8F49EC1BAFB55000A03C08 /* GrabOrderResultView.xib in Resources */ = {isa = PBXBuildFile; fileRef = AD8F49EB1BAFB55000A03C08 /* GrabOrderResultView.xib */; };
		AD8F49EF1BAFB57900A03C08 /* GrabOrderResultView.m in Sources */ = {isa = PBXBuildFile; fileRef = AD8F49EE1BAFB57900A03C08 /* GrabOrderResultView.m */; };
		AD91CFDC1B9D7D9300C3FD49 /* CarOwnerDriverModel.m in Sources */ = {isa = PBXBuildFile; fileRef = AD91CFDB1B9D7D9300C3FD49 /* CarOwnerDriverModel.m */; };
		AD91CFDF1B9FE23A00C3FD49 /* CarOwnerVehicleModel.m in Sources */ = {isa = PBXBuildFile; fileRef = AD91CFDE1B9FE23A00C3FD49 /* CarOwnerVehicleModel.m */; };
		AD94F2F71B74647C00F2044B /* ProtocolCarOwner.m in Sources */ = {isa = PBXBuildFile; fileRef = AD94F2F61B74647C00F2044B /* ProtocolCarOwner.m */; };
		AD94F2FC1B748C8F00F2044B /* JsonBuilderCarOwner.m in Sources */ = {isa = PBXBuildFile; fileRef = AD94F2FB1B748C8F00F2044B /* JsonBuilderCarOwner.m */; };
		AD9E67E71BB032E400A911B4 /* CarOwnerInforModel.m in Sources */ = {isa = PBXBuildFile; fileRef = AD9E67E61BB032E300A911B4 /* CarOwnerInforModel.m */; };
		ADA8B2BD1BB109B200CD1563 /* CarOwnerTaskModel.m in Sources */ = {isa = PBXBuildFile; fileRef = ADA8B2BC1BB109B200CD1563 /* CarOwnerTaskModel.m */; };
		ADB9DE021BD6171500DFAAC6 /* libz.tbd in Frameworks */ = {isa = PBXBuildFile; fileRef = ADB9DE011BD6171500DFAAC6 /* libz.tbd */; };
		ADB9DE041BD6173700DFAAC6 /* libstdc++.6.0.9.tbd in Frameworks */ = {isa = PBXBuildFile; fileRef = ADB9DE031BD6173700DFAAC6 /* libstdc++.6.0.9.tbd */; };
		ADB9DE061BD6174F00DFAAC6 /* libsqlite3.tbd in Frameworks */ = {isa = PBXBuildFile; fileRef = ADB9DE051BD6174F00DFAAC6 /* libsqlite3.tbd */; };
		ADB9DE081BD6176100DFAAC6 /* libc++.tbd in Frameworks */ = {isa = PBXBuildFile; fileRef = ADB9DE071BD6176100DFAAC6 /* libc++.tbd */; };
		ADB9DE0A1BD6177500DFAAC6 /* libsqlite3.0.tbd in Frameworks */ = {isa = PBXBuildFile; fileRef = ADB9DE091BD6177500DFAAC6 /* libsqlite3.0.tbd */; };
		ADBE9D261BA973D300961839 /* MJRefresh.bundle in Resources */ = {isa = PBXBuildFile; fileRef = ADBE9D251BA973D300961839 /* MJRefresh.bundle */; };
		ADE2704C1BAAA0D000D71A8C /* CarOwnerOrderModel.m in Sources */ = {isa = PBXBuildFile; fileRef = ADE2704B1BAAA0D000D71A8C /* CarOwnerOrderModel.m */; };
		ADE34F711B71B24A00270AE1 /* CarOwnerGuideViewController.m in Sources */ = {isa = PBXBuildFile; fileRef = ADE34F701B71B24A00270AE1 /* CarOwnerGuideViewController.m */; };
		ADE34F7D1B71BD1D00270AE1 /* FNUIView.framework in Frameworks */ = {isa = PBXBuildFile; fileRef = ADE34F7C1B71BD1D00270AE1 /* FNUIView.framework */; };
		ADE34F821B71BD4800270AE1 /* FNCommon.framework in Frameworks */ = {isa = PBXBuildFile; fileRef = ADE34F7E1B71BD4800270AE1 /* FNCommon.framework */; };
		ADE34F831B71BD4800270AE1 /* FNDataModule.framework in Frameworks */ = {isa = PBXBuildFile; fileRef = ADE34F7F1B71BD4800270AE1 /* FNDataModule.framework */; };
		ADE34F841B71BD4800270AE1 /* FNDBManager.framework in Frameworks */ = {isa = PBXBuildFile; fileRef = ADE34F801B71BD4800270AE1 /* FNDBManager.framework */; };
		ADE34F851B71BD4800270AE1 /* FNNetInterface.framework in Frameworks */ = {isa = PBXBuildFile; fileRef = ADE34F811B71BD4800270AE1 /* FNNetInterface.framework */; };
		ADE34F891B71BD8900270AE1 /* SystemConfiguration.framework in Frameworks */ = {isa = PBXBuildFile; fileRef = ADE34F881B71BD8900270AE1 /* SystemConfiguration.framework */; };
		ADE34F921B71BEAD00270AE1 /* CFNetwork.framework in Frameworks */ = {isa = PBXBuildFile; fileRef = ADE34F911B71BEAC00270AE1 /* CFNetwork.framework */; };
		ADE34F961B71BEFA00270AE1 /* MobileCoreServices.framework in Frameworks */ = {isa = PBXBuildFile; fileRef = ADE34F951B71BEFA00270AE1 /* MobileCoreServices.framework */; };
		ADE34F991B71C08500270AE1 /* CarOwnerRootViewController.m in Sources */ = {isa = PBXBuildFile; fileRef = ADE34F981B71C08500270AE1 /* CarOwnerRootViewController.m */; };
		ADE34FA31B71ECBF00270AE1 /* Vehicle.storyboard in Resources */ = {isa = PBXBuildFile; fileRef = ADE34FA21B71ECBF00270AE1 /* Vehicle.storyboard */; };
		ADE34FA51B71ECD100270AE1 /* Driver.storyboard in Resources */ = {isa = PBXBuildFile; fileRef = ADE34FA41B71ECD100270AE1 /* Driver.storyboard */; };
		ADE34FA71B71ECE100270AE1 /* Order.storyboard in Resources */ = {isa = PBXBuildFile; fileRef = ADE34FA61B71ECE100270AE1 /* Order.storyboard */; };
		ADE34FA91B71ECF600270AE1 /* Task.storyboard in Resources */ = {isa = PBXBuildFile; fileRef = ADE34FA81B71ECF600270AE1 /* Task.storyboard */; };
		ADE34FAB1B71ED0700270AE1 /* Personal.storyboard in Resources */ = {isa = PBXBuildFile; fileRef = ADE34FAA1B71ED0700270AE1 /* Personal.storyboard */; };
		ADE34FB11B71F18B00270AE1 /* CarOwnerMainViewController.m in Sources */ = {isa = PBXBuildFile; fileRef = ADE34FB01B71F18B00270AE1 /* CarOwnerMainViewController.m */; };
		ADE46D9F1B75B01B0092F9F7 /* FNMap.framework in Frameworks */ = {isa = PBXBuildFile; fileRef = ADE46D9E1B75B01B0092F9F7 /* FNMap.framework */; };
		ADE46DA71B75B0800092F9F7 /* CoreGraphics.framework in Frameworks */ = {isa = PBXBuildFile; fileRef = ADE46DA61B75B0800092F9F7 /* CoreGraphics.framework */; };
		ADE46DA91B75B09D0092F9F7 /* Foundation.framework in Frameworks */ = {isa = PBXBuildFile; fileRef = ADE46DA81B75B09D0092F9F7 /* Foundation.framework */; };
		ADE46DAD1B75B0C90092F9F7 /* AMap.bundle in Resources */ = {isa = PBXBuildFile; fileRef = ADE46DAA1B75B0C90092F9F7 /* AMap.bundle */; };
		ADE46DAE1B75B0C90092F9F7 /* AMapSearchKit.framework in Frameworks */ = {isa = PBXBuildFile; fileRef = ADE46DAB1B75B0C90092F9F7 /* AMapSearchKit.framework */; };
		ADE46DAF1B75B0C90092F9F7 /* MAMapKit.framework in Frameworks */ = {isa = PBXBuildFile; fileRef = ADE46DAC1B75B0C90092F9F7 /* MAMapKit.framework */; };
		ADE46DB11B75B1000092F9F7 /* UIKit.framework in Frameworks */ = {isa = PBXBuildFile; fileRef = ADE46DB01B75B1000092F9F7 /* UIKit.framework */; };
		ADE46DB31B75B1140092F9F7 /* QuartzCore.framework in Frameworks */ = {isa = PBXBuildFile; fileRef = ADE46DB21B75B1140092F9F7 /* QuartzCore.framework */; };
		ADE46DB51B75B11B0092F9F7 /* OpenGLES.framework in Frameworks */ = {isa = PBXBuildFile; fileRef = ADE46DB41B75B11B0092F9F7 /* OpenGLES.framework */; };
		ADE46DB71B75B1280092F9F7 /* CoreLocation.framework in Frameworks */ = {isa = PBXBuildFile; fileRef = ADE46DB61B75B1280092F9F7 /* CoreLocation.framework */; };
		ADE46DB91B75B1350092F9F7 /* CoreTelephony.framework in Frameworks */ = {isa = PBXBuildFile; fileRef = ADE46DB81B75B1350092F9F7 /* CoreTelephony.framework */; };
		ADE46DBD1B75B1790092F9F7 /* Security.framework in Frameworks */ = {isa = PBXBuildFile; fileRef = ADE46DBC1B75B1790092F9F7 /* Security.framework */; };
		ADE46DC01B75B28A0092F9F7 /* CarOwnerVehicleMainViewController.m in Sources */ = {isa = PBXBuildFile; fileRef = ADE46DBF1B75B28A0092F9F7 /* CarOwnerVehicleMainViewController.m */; };
		ADE46DCC1B78461F0092F9F7 /* CarOwnerLoginViewController.m in Sources */ = {isa = PBXBuildFile; fileRef = ADE46DCB1B78461F0092F9F7 /* CarOwnerLoginViewController.m */; };
		ADE46DCF1B7849C80092F9F7 /* CarOwnerRegistViewController.m in Sources */ = {isa = PBXBuildFile; fileRef = ADE46DCE1B7849C80092F9F7 /* CarOwnerRegistViewController.m */; };
		ADE46DD61B7896F40092F9F7 /* FUCarOwnerResultParse.m in Sources */ = {isa = PBXBuildFile; fileRef = ADE46DD51B7896F40092F9F7 /* FUCarOwnerResultParse.m */; };
		ADE46DDC1B7998A40092F9F7 /* CarOwnerAddVehicleViewController.m in Sources */ = {isa = PBXBuildFile; fileRef = ADE46DDB1B7998A40092F9F7 /* CarOwnerAddVehicleViewController.m */; };
		ADE46DDF1B79CD170092F9F7 /* CarOwnerPersonalMainViewController.m in Sources */ = {isa = PBXBuildFile; fileRef = ADE46DDE1B79CD170092F9F7 /* CarOwnerPersonalMainViewController.m */; };
		ADE46DE21B79D1840092F9F7 /* CarOwnerVehicleInforViewController.m in Sources */ = {isa = PBXBuildFile; fileRef = ADE46DE11B79D1840092F9F7 /* CarOwnerVehicleInforViewController.m */; };
		ADE46DE51B79D3100092F9F7 /* CarOwnerDriverMainViewController.m in Sources */ = {isa = PBXBuildFile; fileRef = ADE46DE41B79D3100092F9F7 /* CarOwnerDriverMainViewController.m */; };
		ADE46DE81B79D45F0092F9F7 /* CarOwnerEditorDriverViewController.m in Sources */ = {isa = PBXBuildFile; fileRef = ADE46DE71B79D45F0092F9F7 /* CarOwnerEditorDriverViewController.m */; };
		ADE46DEB1B79D6090092F9F7 /* CarOwnerDriverInforViewController.m in Sources */ = {isa = PBXBuildFile; fileRef = ADE46DEA1B79D6090092F9F7 /* CarOwnerDriverInforViewController.m */; };
		ADE46DEE1B79D7640092F9F7 /* CarOwnerOrderMainViewController.m in Sources */ = {isa = PBXBuildFile; fileRef = ADE46DED1B79D7640092F9F7 /* CarOwnerOrderMainViewController.m */; };
		ADE46DF11B79DA2C0092F9F7 /* CarOwnerTaskMainViewController.m in Sources */ = {isa = PBXBuildFile; fileRef = ADE46DF01B79DA2C0092F9F7 /* CarOwnerTaskMainViewController.m */; };
		ADE46DF41B79DC2B0092F9F7 /* CarOwnerTaskDetailViewController.m in Sources */ = {isa = PBXBuildFile; fileRef = ADE46DF31B79DC2B0092F9F7 /* CarOwnerTaskDetailViewController.m */; };
/* End PBXBuildFile section */

/* Begin PBXContainerItemProxy section */
		AD32E6441B68B08D007537DF /* PBXContainerItemProxy */ = {
			isa = PBXContainerItemProxy;
			containerPortal = AD32E6221B68B08D007537DF /* Project object */;
			proxyType = 1;
			remoteGlobalIDString = AD32E6291B68B08D007537DF;
			remoteInfo = FeiNiu_CarOwner;
		};
/* End PBXContainerItemProxy section */

/* Begin PBXFileReference section */
		AD2845E41BA40CB7008C9D2F /* CoreFoundation.framework */ = {isa = PBXFileReference; lastKnownFileType = wrapper.framework; name = CoreFoundation.framework; path = System/Library/Frameworks/CoreFoundation.framework; sourceTree = SDKROOT; };
		AD2845FC1BA41B2C008C9D2F /* PushConfig.plist */ = {isa = PBXFileReference; fileEncoding = 4; lastKnownFileType = text.plist.xml; path = PushConfig.plist; sourceTree = "<group>"; };
		AD32E62A1B68B08D007537DF /* FeiNiu_CarOwner.app */ = {isa = PBXFileReference; explicitFileType = wrapper.application; includeInIndex = 0; path = FeiNiu_CarOwner.app; sourceTree = BUILT_PRODUCTS_DIR; };
		AD32E62E1B68B08D007537DF /* Info.plist */ = {isa = PBXFileReference; lastKnownFileType = text.plist.xml; path = Info.plist; sourceTree = "<group>"; };
		AD32E62F1B68B08D007537DF /* main.m */ = {isa = PBXFileReference; lastKnownFileType = sourcecode.c.objc; path = main.m; sourceTree = "<group>"; };
		AD32E6311B68B08D007537DF /* AppDelegate.h */ = {isa = PBXFileReference; lastKnownFileType = sourcecode.c.h; path = AppDelegate.h; sourceTree = "<group>"; };
		AD32E6321B68B08D007537DF /* AppDelegate.m */ = {isa = PBXFileReference; lastKnownFileType = sourcecode.c.objc; path = AppDelegate.m; sourceTree = "<group>"; };
		AD32E6341B68B08D007537DF /* ViewController.h */ = {isa = PBXFileReference; lastKnownFileType = sourcecode.c.h; path = ViewController.h; sourceTree = "<group>"; };
		AD32E6351B68B08D007537DF /* ViewController.m */ = {isa = PBXFileReference; lastKnownFileType = sourcecode.c.objc; path = ViewController.m; sourceTree = "<group>"; };
		AD32E6381B68B08D007537DF /* Base */ = {isa = PBXFileReference; lastKnownFileType = file.storyboard; name = Base; path = Base.lproj/Main.storyboard; sourceTree = "<group>"; };
		AD32E63A1B68B08D007537DF /* Images.xcassets */ = {isa = PBXFileReference; lastKnownFileType = folder.assetcatalog; path = Images.xcassets; sourceTree = "<group>"; };
		AD32E63D1B68B08D007537DF /* Base */ = {isa = PBXFileReference; lastKnownFileType = file.xib; name = Base; path = Base.lproj/LaunchScreen.xib; sourceTree = "<group>"; };
		AD32E6431B68B08D007537DF /* FeiNiu_CarOwnerTests.xctest */ = {isa = PBXFileReference; explicitFileType = wrapper.cfbundle; includeInIndex = 0; path = FeiNiu_CarOwnerTests.xctest; sourceTree = BUILT_PRODUCTS_DIR; };
		AD4EE72D1BBF74C7006CE3E4 /* CarOwnerDriverTaskDetailsViewController.h */ = {isa = PBXFileReference; fileEncoding = 4; lastKnownFileType = sourcecode.c.h; path = CarOwnerDriverTaskDetailsViewController.h; sourceTree = "<group>"; };
		AD4EE72E1BBF74C7006CE3E4 /* CarOwnerDriverTaskDetailsViewController.m */ = {isa = PBXFileReference; fileEncoding = 4; lastKnownFileType = sourcecode.c.objc; path = CarOwnerDriverTaskDetailsViewController.m; sourceTree = "<group>"; };
		AD5D36781B955D1200BE17B6 /* CustomCollectionViewLayout.h */ = {isa = PBXFileReference; fileEncoding = 4; lastKnownFileType = sourcecode.c.h; path = CustomCollectionViewLayout.h; sourceTree = "<group>"; };
		AD5D36791B955D1200BE17B6 /* CustomCollectionViewLayout.m */ = {isa = PBXFileReference; fileEncoding = 4; lastKnownFileType = sourcecode.c.objc; path = CustomCollectionViewLayout.m; sourceTree = "<group>"; };
		AD5D367B1B9696F200BE17B6 /* CarOwnerOrderDetailOneViewController.h */ = {isa = PBXFileReference; fileEncoding = 4; lastKnownFileType = sourcecode.c.h; path = CarOwnerOrderDetailOneViewController.h; sourceTree = "<group>"; };
		AD5D367C1B9696F200BE17B6 /* CarOwnerOrderDetailOneViewController.m */ = {isa = PBXFileReference; fileEncoding = 4; lastKnownFileType = sourcecode.c.objc; path = CarOwnerOrderDetailOneViewController.m; sourceTree = "<group>"; };
		AD5D367E1B96A08600BE17B6 /* CarOwnerOrderDetailTwoViewController.h */ = {isa = PBXFileReference; fileEncoding = 4; lastKnownFileType = sourcecode.c.h; path = CarOwnerOrderDetailTwoViewController.h; sourceTree = "<group>"; };
		AD5D367F1B96A08600BE17B6 /* CarOwnerOrderDetailTwoViewController.m */ = {isa = PBXFileReference; fileEncoding = 4; lastKnownFileType = sourcecode.c.objc; path = CarOwnerOrderDetailTwoViewController.m; sourceTree = "<group>"; };
		AD5D36811B96A87C00BE17B6 /* CarOwnerSearchViewController.h */ = {isa = PBXFileReference; fileEncoding = 4; lastKnownFileType = sourcecode.c.h; path = CarOwnerSearchViewController.h; sourceTree = "<group>"; };
		AD5D36821B96A87C00BE17B6 /* CarOwnerSearchViewController.m */ = {isa = PBXFileReference; fileEncoding = 4; lastKnownFileType = sourcecode.c.objc; path = CarOwnerSearchViewController.m; sourceTree = "<group>"; };
		AD5D36871B96CBA600BE17B6 /* TaskFilterView.xib */ = {isa = PBXFileReference; fileEncoding = 4; lastKnownFileType = file.xib; path = TaskFilterView.xib; sourceTree = "<group>"; };
		AD5D36891B96CC8600BE17B6 /* TaskFilterView.h */ = {isa = PBXFileReference; fileEncoding = 4; lastKnownFileType = sourcecode.c.h; path = TaskFilterView.h; sourceTree = "<group>"; };
		AD5D368A1B96CC8600BE17B6 /* TaskFilterView.m */ = {isa = PBXFileReference; fileEncoding = 4; lastKnownFileType = sourcecode.c.objc; path = TaskFilterView.m; sourceTree = "<group>"; };
		AD5D368C1B97200C00BE17B6 /* CarOwnerPreferences.h */ = {isa = PBXFileReference; fileEncoding = 4; lastKnownFileType = sourcecode.c.h; path = CarOwnerPreferences.h; sourceTree = "<group>"; };
		AD5D368D1B97200C00BE17B6 /* CarOwnerPreferences.m */ = {isa = PBXFileReference; fileEncoding = 4; lastKnownFileType = sourcecode.c.objc; path = CarOwnerPreferences.m; sourceTree = "<group>"; };
		AD5D36D31B99A11E00BE17B6 /* CarOwnerCompanySourceModel.h */ = {isa = PBXFileReference; fileEncoding = 4; lastKnownFileType = sourcecode.c.h; path = CarOwnerCompanySourceModel.h; sourceTree = "<group>"; };
		AD5D36D41B99A11E00BE17B6 /* CarOwnerCompanySourceModel.m */ = {isa = PBXFileReference; fileEncoding = 4; lastKnownFileType = sourcecode.c.objc; path = CarOwnerCompanySourceModel.m; sourceTree = "<group>"; };
		AD5D36D61B9AE55100BE17B6 /* CarOwnerDriverSearchViewController.h */ = {isa = PBXFileReference; fileEncoding = 4; lastKnownFileType = sourcecode.c.h; path = CarOwnerDriverSearchViewController.h; sourceTree = "<group>"; };
		AD5D36D71B9AE55100BE17B6 /* CarOwnerDriverSearchViewController.m */ = {isa = PBXFileReference; fileEncoding = 4; lastKnownFileType = sourcecode.c.objc; path = CarOwnerDriverSearchViewController.m; sourceTree = "<group>"; };
		AD743F091B907B690096A184 /* XRUIView.bundle */ = {isa = PBXFileReference; lastKnownFileType = "wrapper.plug-in"; path = XRUIView.bundle; sourceTree = "<group>"; };
		AD8586931B8B16E700385867 /* CarOwnerForgotPasswordViewController.h */ = {isa = PBXFileReference; fileEncoding = 4; lastKnownFileType = sourcecode.c.h; path = CarOwnerForgotPasswordViewController.h; sourceTree = "<group>"; };
		AD8586941B8B16E700385867 /* CarOwnerForgotPasswordViewController.m */ = {isa = PBXFileReference; fileEncoding = 4; lastKnownFileType = sourcecode.c.objc; path = CarOwnerForgotPasswordViewController.m; sourceTree = "<group>"; };
		AD85869D1B8C548900385867 /* CarOwnerCompanySearchViewController.h */ = {isa = PBXFileReference; fileEncoding = 4; lastKnownFileType = sourcecode.c.h; path = CarOwnerCompanySearchViewController.h; sourceTree = "<group>"; };
		AD85869E1B8C548900385867 /* CarOwnerCompanySearchViewController.m */ = {isa = PBXFileReference; fileEncoding = 4; lastKnownFileType = sourcecode.c.objc; path = CarOwnerCompanySearchViewController.m; sourceTree = "<group>"; };
		AD8586A01B8C6E9900385867 /* CarOwnerNotThroughVehicleViewController.h */ = {isa = PBXFileReference; fileEncoding = 4; lastKnownFileType = sourcecode.c.h; path = CarOwnerNotThroughVehicleViewController.h; sourceTree = "<group>"; };
		AD8586A11B8C6E9900385867 /* CarOwnerNotThroughVehicleViewController.m */ = {isa = PBXFileReference; fileEncoding = 4; lastKnownFileType = sourcecode.c.objc; path = CarOwnerNotThroughVehicleViewController.m; sourceTree = "<group>"; };
		AD8586A31B8D5C0E00385867 /* CarOwnerTaskDetailsViewController.h */ = {isa = PBXFileReference; fileEncoding = 4; lastKnownFileType = sourcecode.c.h; path = CarOwnerTaskDetailsViewController.h; sourceTree = "<group>"; };
		AD8586A41B8D5C0E00385867 /* CarOwnerTaskDetailsViewController.m */ = {isa = PBXFileReference; fileEncoding = 4; lastKnownFileType = sourcecode.c.objc; path = CarOwnerTaskDetailsViewController.m; sourceTree = "<group>"; };
		AD8A076B1BE9B553006FDA27 /* CarOwnerBaseViewController.h */ = {isa = PBXFileReference; fileEncoding = 4; lastKnownFileType = sourcecode.c.h; path = CarOwnerBaseViewController.h; sourceTree = "<group>"; };
		AD8A076C1BE9B553006FDA27 /* CarOwnerBaseViewController.m */ = {isa = PBXFileReference; fileEncoding = 4; lastKnownFileType = sourcecode.c.objc; path = CarOwnerBaseViewController.m; sourceTree = "<group>"; };
		AD8F49EB1BAFB55000A03C08 /* GrabOrderResultView.xib */ = {isa = PBXFileReference; fileEncoding = 4; lastKnownFileType = file.xib; path = GrabOrderResultView.xib; sourceTree = "<group>"; };
		AD8F49ED1BAFB57900A03C08 /* GrabOrderResultView.h */ = {isa = PBXFileReference; fileEncoding = 4; lastKnownFileType = sourcecode.c.h; path = GrabOrderResultView.h; sourceTree = "<group>"; };
		AD8F49EE1BAFB57900A03C08 /* GrabOrderResultView.m */ = {isa = PBXFileReference; fileEncoding = 4; lastKnownFileType = sourcecode.c.objc; path = GrabOrderResultView.m; sourceTree = "<group>"; };
		AD91CFDA1B9D7D9300C3FD49 /* CarOwnerDriverModel.h */ = {isa = PBXFileReference; fileEncoding = 4; lastKnownFileType = sourcecode.c.h; path = CarOwnerDriverModel.h; sourceTree = "<group>"; };
		AD91CFDB1B9D7D9300C3FD49 /* CarOwnerDriverModel.m */ = {isa = PBXFileReference; fileEncoding = 4; lastKnownFileType = sourcecode.c.objc; path = CarOwnerDriverModel.m; sourceTree = "<group>"; };
		AD91CFDD1B9FE23A00C3FD49 /* CarOwnerVehicleModel.h */ = {isa = PBXFileReference; fileEncoding = 4; lastKnownFileType = sourcecode.c.h; path = CarOwnerVehicleModel.h; sourceTree = "<group>"; };
		AD91CFDE1B9FE23A00C3FD49 /* CarOwnerVehicleModel.m */ = {isa = PBXFileReference; fileEncoding = 4; lastKnownFileType = sourcecode.c.objc; path = CarOwnerVehicleModel.m; sourceTree = "<group>"; };
		AD94F2F51B74647C00F2044B /* ProtocolCarOwner.h */ = {isa = PBXFileReference; fileEncoding = 4; lastKnownFileType = sourcecode.c.h; path = ProtocolCarOwner.h; sourceTree = "<group>"; };
		AD94F2F61B74647C00F2044B /* ProtocolCarOwner.m */ = {isa = PBXFileReference; fileEncoding = 4; lastKnownFileType = sourcecode.c.objc; path = ProtocolCarOwner.m; sourceTree = "<group>"; };
		AD94F2FA1B748C8F00F2044B /* JsonBuilderCarOwner.h */ = {isa = PBXFileReference; fileEncoding = 4; lastKnownFileType = sourcecode.c.h; path = JsonBuilderCarOwner.h; sourceTree = "<group>"; };
		AD94F2FB1B748C8F00F2044B /* JsonBuilderCarOwner.m */ = {isa = PBXFileReference; fileEncoding = 4; lastKnownFileType = sourcecode.c.objc; path = JsonBuilderCarOwner.m; sourceTree = "<group>"; };
		AD9E67E51BB032E300A911B4 /* CarOwnerInforModel.h */ = {isa = PBXFileReference; fileEncoding = 4; lastKnownFileType = sourcecode.c.h; path = CarOwnerInforModel.h; sourceTree = "<group>"; };
		AD9E67E61BB032E300A911B4 /* CarOwnerInforModel.m */ = {isa = PBXFileReference; fileEncoding = 4; lastKnownFileType = sourcecode.c.objc; path = CarOwnerInforModel.m; sourceTree = "<group>"; };
		ADA8B2BB1BB109B200CD1563 /* CarOwnerTaskModel.h */ = {isa = PBXFileReference; fileEncoding = 4; lastKnownFileType = sourcecode.c.h; path = CarOwnerTaskModel.h; sourceTree = "<group>"; };
		ADA8B2BC1BB109B200CD1563 /* CarOwnerTaskModel.m */ = {isa = PBXFileReference; fileEncoding = 4; lastKnownFileType = sourcecode.c.objc; path = CarOwnerTaskModel.m; sourceTree = "<group>"; };
		ADB9DE011BD6171500DFAAC6 /* libz.tbd */ = {isa = PBXFileReference; lastKnownFileType = "sourcecode.text-based-dylib-definition"; name = libz.tbd; path = usr/lib/libz.tbd; sourceTree = SDKROOT; };
		ADB9DE031BD6173700DFAAC6 /* libstdc++.6.0.9.tbd */ = {isa = PBXFileReference; lastKnownFileType = "sourcecode.text-based-dylib-definition"; name = "libstdc++.6.0.9.tbd"; path = "usr/lib/libstdc++.6.0.9.tbd"; sourceTree = SDKROOT; };
		ADB9DE051BD6174F00DFAAC6 /* libsqlite3.tbd */ = {isa = PBXFileReference; lastKnownFileType = "sourcecode.text-based-dylib-definition"; name = libsqlite3.tbd; path = usr/lib/libsqlite3.tbd; sourceTree = SDKROOT; };
		ADB9DE071BD6176100DFAAC6 /* libc++.tbd */ = {isa = PBXFileReference; lastKnownFileType = "sourcecode.text-based-dylib-definition"; name = "libc++.tbd"; path = "usr/lib/libc++.tbd"; sourceTree = SDKROOT; };
		ADB9DE091BD6177500DFAAC6 /* libsqlite3.0.tbd */ = {isa = PBXFileReference; lastKnownFileType = "sourcecode.text-based-dylib-definition"; name = libsqlite3.0.tbd; path = usr/lib/libsqlite3.0.tbd; sourceTree = SDKROOT; };
		ADBE9D251BA973D300961839 /* MJRefresh.bundle */ = {isa = PBXFileReference; lastKnownFileType = "wrapper.plug-in"; path = MJRefresh.bundle; sourceTree = "<group>"; };
		ADE2704A1BAAA0D000D71A8C /* CarOwnerOrderModel.h */ = {isa = PBXFileReference; fileEncoding = 4; lastKnownFileType = sourcecode.c.h; path = CarOwnerOrderModel.h; sourceTree = "<group>"; };
		ADE2704B1BAAA0D000D71A8C /* CarOwnerOrderModel.m */ = {isa = PBXFileReference; fileEncoding = 4; lastKnownFileType = sourcecode.c.objc; path = CarOwnerOrderModel.m; sourceTree = "<group>"; };
		ADE34F6F1B71B24A00270AE1 /* CarOwnerGuideViewController.h */ = {isa = PBXFileReference; fileEncoding = 4; lastKnownFileType = sourcecode.c.h; path = CarOwnerGuideViewController.h; sourceTree = "<group>"; };
		ADE34F701B71B24A00270AE1 /* CarOwnerGuideViewController.m */ = {isa = PBXFileReference; fileEncoding = 4; lastKnownFileType = sourcecode.c.objc; path = CarOwnerGuideViewController.m; sourceTree = "<group>"; };
		ADE34F7C1B71BD1D00270AE1 /* FNUIView.framework */ = {isa = PBXFileReference; lastKnownFileType = wrapper.framework; name = FNUIView.framework; path = "../FNUIView/build/Debug-iphoneos/FNUIView.framework"; sourceTree = "<group>"; };
		ADE34F7E1B71BD4800270AE1 /* FNCommon.framework */ = {isa = PBXFileReference; lastKnownFileType = wrapper.framework; name = FNCommon.framework; path = "../FNCommon/build/Debug-iphoneos/FNCommon.framework"; sourceTree = "<group>"; };
		ADE34F7F1B71BD4800270AE1 /* FNDataModule.framework */ = {isa = PBXFileReference; lastKnownFileType = wrapper.framework; name = FNDataModule.framework; path = "../FNDataModule/build/Debug-iphoneos/FNDataModule.framework"; sourceTree = "<group>"; };
		ADE34F801B71BD4800270AE1 /* FNDBManager.framework */ = {isa = PBXFileReference; lastKnownFileType = wrapper.framework; name = FNDBManager.framework; path = "../FNDBManager/build/Debug-iphoneos/FNDBManager.framework"; sourceTree = "<group>"; };
		ADE34F811B71BD4800270AE1 /* FNNetInterface.framework */ = {isa = PBXFileReference; lastKnownFileType = wrapper.framework; name = FNNetInterface.framework; path = "../FNNetInterface/build/Debug-iphoneos/FNNetInterface.framework"; sourceTree = "<group>"; };
		ADE34F881B71BD8900270AE1 /* SystemConfiguration.framework */ = {isa = PBXFileReference; lastKnownFileType = wrapper.framework; name = SystemConfiguration.framework; path = System/Library/Frameworks/SystemConfiguration.framework; sourceTree = SDKROOT; };
		ADE34F911B71BEAC00270AE1 /* CFNetwork.framework */ = {isa = PBXFileReference; lastKnownFileType = wrapper.framework; name = CFNetwork.framework; path = System/Library/Frameworks/CFNetwork.framework; sourceTree = SDKROOT; };
		ADE34F951B71BEFA00270AE1 /* MobileCoreServices.framework */ = {isa = PBXFileReference; lastKnownFileType = wrapper.framework; name = MobileCoreServices.framework; path = System/Library/Frameworks/MobileCoreServices.framework; sourceTree = SDKROOT; };
		ADE34F971B71C08500270AE1 /* CarOwnerRootViewController.h */ = {isa = PBXFileReference; fileEncoding = 4; lastKnownFileType = sourcecode.c.h; path = CarOwnerRootViewController.h; sourceTree = "<group>"; };
		ADE34F981B71C08500270AE1 /* CarOwnerRootViewController.m */ = {isa = PBXFileReference; fileEncoding = 4; lastKnownFileType = sourcecode.c.objc; path = CarOwnerRootViewController.m; sourceTree = "<group>"; };
		ADE34FA21B71ECBF00270AE1 /* Vehicle.storyboard */ = {isa = PBXFileReference; fileEncoding = 4; lastKnownFileType = file.storyboard; path = Vehicle.storyboard; sourceTree = "<group>"; };
		ADE34FA41B71ECD100270AE1 /* Driver.storyboard */ = {isa = PBXFileReference; fileEncoding = 4; lastKnownFileType = file.storyboard; path = Driver.storyboard; sourceTree = "<group>"; };
		ADE34FA61B71ECE100270AE1 /* Order.storyboard */ = {isa = PBXFileReference; fileEncoding = 4; lastKnownFileType = file.storyboard; path = Order.storyboard; sourceTree = "<group>"; };
		ADE34FA81B71ECF600270AE1 /* Task.storyboard */ = {isa = PBXFileReference; fileEncoding = 4; lastKnownFileType = file.storyboard; path = Task.storyboard; sourceTree = "<group>"; };
		ADE34FAA1B71ED0700270AE1 /* Personal.storyboard */ = {isa = PBXFileReference; fileEncoding = 4; lastKnownFileType = file.storyboard; path = Personal.storyboard; sourceTree = "<group>"; };
		ADE34FAF1B71F18B00270AE1 /* CarOwnerMainViewController.h */ = {isa = PBXFileReference; fileEncoding = 4; lastKnownFileType = sourcecode.c.h; path = CarOwnerMainViewController.h; sourceTree = "<group>"; };
		ADE34FB01B71F18B00270AE1 /* CarOwnerMainViewController.m */ = {isa = PBXFileReference; fileEncoding = 4; lastKnownFileType = sourcecode.c.objc; path = CarOwnerMainViewController.m; sourceTree = "<group>"; };
		ADE46D9E1B75B01B0092F9F7 /* FNMap.framework */ = {isa = PBXFileReference; lastKnownFileType = wrapper.framework; name = FNMap.framework; path = "../../../../Library/Developer/Xcode/DerivedData/FeiNiuBus-cazjmrmbvnmlrlewhrojeadllqnl/Build/Products/Debug-iphoneos/FNMap.framework"; sourceTree = "<group>"; };
		ADE46DA61B75B0800092F9F7 /* CoreGraphics.framework */ = {isa = PBXFileReference; lastKnownFileType = wrapper.framework; name = CoreGraphics.framework; path = System/Library/Frameworks/CoreGraphics.framework; sourceTree = SDKROOT; };
		ADE46DA81B75B09D0092F9F7 /* Foundation.framework */ = {isa = PBXFileReference; lastKnownFileType = wrapper.framework; name = Foundation.framework; path = System/Library/Frameworks/Foundation.framework; sourceTree = SDKROOT; };
		ADE46DAA1B75B0C90092F9F7 /* AMap.bundle */ = {isa = PBXFileReference; lastKnownFileType = "wrapper.plug-in"; path = AMap.bundle; sourceTree = "<group>"; };
		ADE46DAB1B75B0C90092F9F7 /* AMapSearchKit.framework */ = {isa = PBXFileReference; lastKnownFileType = wrapper.framework; path = AMapSearchKit.framework; sourceTree = "<group>"; };
		ADE46DAC1B75B0C90092F9F7 /* MAMapKit.framework */ = {isa = PBXFileReference; lastKnownFileType = wrapper.framework; path = MAMapKit.framework; sourceTree = "<group>"; };
		ADE46DB01B75B1000092F9F7 /* UIKit.framework */ = {isa = PBXFileReference; lastKnownFileType = wrapper.framework; name = UIKit.framework; path = System/Library/Frameworks/UIKit.framework; sourceTree = SDKROOT; };
		ADE46DB21B75B1140092F9F7 /* QuartzCore.framework */ = {isa = PBXFileReference; lastKnownFileType = wrapper.framework; name = QuartzCore.framework; path = System/Library/Frameworks/QuartzCore.framework; sourceTree = SDKROOT; };
		ADE46DB41B75B11B0092F9F7 /* OpenGLES.framework */ = {isa = PBXFileReference; lastKnownFileType = wrapper.framework; name = OpenGLES.framework; path = System/Library/Frameworks/OpenGLES.framework; sourceTree = SDKROOT; };
		ADE46DB61B75B1280092F9F7 /* CoreLocation.framework */ = {isa = PBXFileReference; lastKnownFileType = wrapper.framework; name = CoreLocation.framework; path = System/Library/Frameworks/CoreLocation.framework; sourceTree = SDKROOT; };
		ADE46DB81B75B1350092F9F7 /* CoreTelephony.framework */ = {isa = PBXFileReference; lastKnownFileType = wrapper.framework; name = CoreTelephony.framework; path = System/Library/Frameworks/CoreTelephony.framework; sourceTree = SDKROOT; };
		ADE46DBC1B75B1790092F9F7 /* Security.framework */ = {isa = PBXFileReference; lastKnownFileType = wrapper.framework; name = Security.framework; path = System/Library/Frameworks/Security.framework; sourceTree = SDKROOT; };
		ADE46DBE1B75B28A0092F9F7 /* CarOwnerVehicleMainViewController.h */ = {isa = PBXFileReference; fileEncoding = 4; lastKnownFileType = sourcecode.c.h; path = CarOwnerVehicleMainViewController.h; sourceTree = "<group>"; };
		ADE46DBF1B75B28A0092F9F7 /* CarOwnerVehicleMainViewController.m */ = {isa = PBXFileReference; fileEncoding = 4; lastKnownFileType = sourcecode.c.objc; path = CarOwnerVehicleMainViewController.m; sourceTree = "<group>"; };
		ADE46DCA1B78461F0092F9F7 /* CarOwnerLoginViewController.h */ = {isa = PBXFileReference; fileEncoding = 4; lastKnownFileType = sourcecode.c.h; path = CarOwnerLoginViewController.h; sourceTree = "<group>"; };
		ADE46DCB1B78461F0092F9F7 /* CarOwnerLoginViewController.m */ = {isa = PBXFileReference; fileEncoding = 4; lastKnownFileType = sourcecode.c.objc; path = CarOwnerLoginViewController.m; sourceTree = "<group>"; };
		ADE46DCD1B7849C80092F9F7 /* CarOwnerRegistViewController.h */ = {isa = PBXFileReference; fileEncoding = 4; lastKnownFileType = sourcecode.c.h; path = CarOwnerRegistViewController.h; sourceTree = "<group>"; };
		ADE46DCE1B7849C80092F9F7 /* CarOwnerRegistViewController.m */ = {isa = PBXFileReference; fileEncoding = 4; lastKnownFileType = sourcecode.c.objc; path = CarOwnerRegistViewController.m; sourceTree = "<group>"; };
		ADE46DD41B7896F40092F9F7 /* FUCarOwnerResultParse.h */ = {isa = PBXFileReference; fileEncoding = 4; lastKnownFileType = sourcecode.c.h; path = FUCarOwnerResultParse.h; sourceTree = "<group>"; };
		ADE46DD51B7896F40092F9F7 /* FUCarOwnerResultParse.m */ = {isa = PBXFileReference; fileEncoding = 4; lastKnownFileType = sourcecode.c.objc; path = FUCarOwnerResultParse.m; sourceTree = "<group>"; };
		ADE46DDA1B7998A40092F9F7 /* CarOwnerAddVehicleViewController.h */ = {isa = PBXFileReference; fileEncoding = 4; lastKnownFileType = sourcecode.c.h; path = CarOwnerAddVehicleViewController.h; sourceTree = "<group>"; };
		ADE46DDB1B7998A40092F9F7 /* CarOwnerAddVehicleViewController.m */ = {isa = PBXFileReference; fileEncoding = 4; lastKnownFileType = sourcecode.c.objc; path = CarOwnerAddVehicleViewController.m; sourceTree = "<group>"; };
		ADE46DDD1B79CD170092F9F7 /* CarOwnerPersonalMainViewController.h */ = {isa = PBXFileReference; fileEncoding = 4; lastKnownFileType = sourcecode.c.h; path = CarOwnerPersonalMainViewController.h; sourceTree = "<group>"; };
		ADE46DDE1B79CD170092F9F7 /* CarOwnerPersonalMainViewController.m */ = {isa = PBXFileReference; fileEncoding = 4; lastKnownFileType = sourcecode.c.objc; path = CarOwnerPersonalMainViewController.m; sourceTree = "<group>"; };
		ADE46DE01B79D1840092F9F7 /* CarOwnerVehicleInforViewController.h */ = {isa = PBXFileReference; fileEncoding = 4; lastKnownFileType = sourcecode.c.h; path = CarOwnerVehicleInforViewController.h; sourceTree = "<group>"; };
		ADE46DE11B79D1840092F9F7 /* CarOwnerVehicleInforViewController.m */ = {isa = PBXFileReference; fileEncoding = 4; lastKnownFileType = sourcecode.c.objc; path = CarOwnerVehicleInforViewController.m; sourceTree = "<group>"; };
		ADE46DE31B79D3100092F9F7 /* CarOwnerDriverMainViewController.h */ = {isa = PBXFileReference; fileEncoding = 4; lastKnownFileType = sourcecode.c.h; path = CarOwnerDriverMainViewController.h; sourceTree = "<group>"; };
		ADE46DE41B79D3100092F9F7 /* CarOwnerDriverMainViewController.m */ = {isa = PBXFileReference; fileEncoding = 4; lastKnownFileType = sourcecode.c.objc; path = CarOwnerDriverMainViewController.m; sourceTree = "<group>"; };
		ADE46DE61B79D45F0092F9F7 /* CarOwnerEditorDriverViewController.h */ = {isa = PBXFileReference; fileEncoding = 4; lastKnownFileType = sourcecode.c.h; path = CarOwnerEditorDriverViewController.h; sourceTree = "<group>"; };
		ADE46DE71B79D45F0092F9F7 /* CarOwnerEditorDriverViewController.m */ = {isa = PBXFileReference; fileEncoding = 4; lastKnownFileType = sourcecode.c.objc; path = CarOwnerEditorDriverViewController.m; sourceTree = "<group>"; };
		ADE46DE91B79D6090092F9F7 /* CarOwnerDriverInforViewController.h */ = {isa = PBXFileReference; fileEncoding = 4; lastKnownFileType = sourcecode.c.h; path = CarOwnerDriverInforViewController.h; sourceTree = "<group>"; };
		ADE46DEA1B79D6090092F9F7 /* CarOwnerDriverInforViewController.m */ = {isa = PBXFileReference; fileEncoding = 4; lastKnownFileType = sourcecode.c.objc; path = CarOwnerDriverInforViewController.m; sourceTree = "<group>"; };
		ADE46DEC1B79D7640092F9F7 /* CarOwnerOrderMainViewController.h */ = {isa = PBXFileReference; fileEncoding = 4; lastKnownFileType = sourcecode.c.h; path = CarOwnerOrderMainViewController.h; sourceTree = "<group>"; };
		ADE46DED1B79D7640092F9F7 /* CarOwnerOrderMainViewController.m */ = {isa = PBXFileReference; fileEncoding = 4; lastKnownFileType = sourcecode.c.objc; path = CarOwnerOrderMainViewController.m; sourceTree = "<group>"; };
		ADE46DEF1B79DA2C0092F9F7 /* CarOwnerTaskMainViewController.h */ = {isa = PBXFileReference; fileEncoding = 4; lastKnownFileType = sourcecode.c.h; path = CarOwnerTaskMainViewController.h; sourceTree = "<group>"; };
		ADE46DF01B79DA2C0092F9F7 /* CarOwnerTaskMainViewController.m */ = {isa = PBXFileReference; fileEncoding = 4; lastKnownFileType = sourcecode.c.objc; path = CarOwnerTaskMainViewController.m; sourceTree = "<group>"; };
		ADE46DF21B79DC2B0092F9F7 /* CarOwnerTaskDetailViewController.h */ = {isa = PBXFileReference; fileEncoding = 4; lastKnownFileType = sourcecode.c.h; path = CarOwnerTaskDetailViewController.h; sourceTree = "<group>"; };
		ADE46DF31B79DC2B0092F9F7 /* CarOwnerTaskDetailViewController.m */ = {isa = PBXFileReference; fileEncoding = 4; lastKnownFileType = sourcecode.c.objc; path = CarOwnerTaskDetailViewController.m; sourceTree = "<group>"; };
/* End PBXFileReference section */

/* Begin PBXFrameworksBuildPhase section */
		AD32E6271B68B08D007537DF /* Frameworks */ = {
			isa = PBXFrameworksBuildPhase;
			buildActionMask = 2147483647;
			files = (
				ADB9DE0A1BD6177500DFAAC6 /* libsqlite3.0.tbd in Frameworks */,
				ADB9DE081BD6176100DFAAC6 /* libc++.tbd in Frameworks */,
				ADB9DE061BD6174F00DFAAC6 /* libsqlite3.tbd in Frameworks */,
				ADB9DE041BD6173700DFAAC6 /* libstdc++.6.0.9.tbd in Frameworks */,
				ADB9DE021BD6171500DFAAC6 /* libz.tbd in Frameworks */,
				ADE46DBD1B75B1790092F9F7 /* Security.framework in Frameworks */,
				ADE46DB11B75B1000092F9F7 /* UIKit.framework in Frameworks */,
				ADE46DA91B75B09D0092F9F7 /* Foundation.framework in Frameworks */,
				ADE34F891B71BD8900270AE1 /* SystemConfiguration.framework in Frameworks */,
				ADE46DB91B75B1350092F9F7 /* CoreTelephony.framework in Frameworks */,
				AD2845E51BA40CB7008C9D2F /* CoreFoundation.framework in Frameworks */,
				ADE34F921B71BEAD00270AE1 /* CFNetwork.framework in Frameworks */,
				ADE46DB71B75B1280092F9F7 /* CoreLocation.framework in Frameworks */,
				ADE46DB51B75B11B0092F9F7 /* OpenGLES.framework in Frameworks */,
				ADE46DB31B75B1140092F9F7 /* QuartzCore.framework in Frameworks */,
				ADE46DAE1B75B0C90092F9F7 /* AMapSearchKit.framework in Frameworks */,
				ADE46DA71B75B0800092F9F7 /* CoreGraphics.framework in Frameworks */,
				ADE46D9F1B75B01B0092F9F7 /* FNMap.framework in Frameworks */,
				ADE34F961B71BEFA00270AE1 /* MobileCoreServices.framework in Frameworks */,
				ADE34F821B71BD4800270AE1 /* FNCommon.framework in Frameworks */,
				ADE46DAF1B75B0C90092F9F7 /* MAMapKit.framework in Frameworks */,
				ADE34F831B71BD4800270AE1 /* FNDataModule.framework in Frameworks */,
				ADE34F841B71BD4800270AE1 /* FNDBManager.framework in Frameworks */,
				ADE34F851B71BD4800270AE1 /* FNNetInterface.framework in Frameworks */,
				ADE34F7D1B71BD1D00270AE1 /* FNUIView.framework in Frameworks */,
			);
			runOnlyForDeploymentPostprocessing = 0;
		};
		AD32E6401B68B08D007537DF /* Frameworks */ = {
			isa = PBXFrameworksBuildPhase;
			buildActionMask = 2147483647;
			files = (
			);
			runOnlyForDeploymentPostprocessing = 0;
		};
/* End PBXFrameworksBuildPhase section */

/* Begin PBXGroup section */
		AD32E6211B68B08D007537DF = {
			isa = PBXGroup;
			children = (
				AD32E62C1B68B08D007537DF /* FeiNiu_CarOwner */,
				ADE34F8E1B71BE3500270AE1 /* Frameworks */,
				AD32E62B1B68B08D007537DF /* Products */,
			);
			sourceTree = "<group>";
		};
		AD32E62B1B68B08D007537DF /* Products */ = {
			isa = PBXGroup;
			children = (
				AD32E62A1B68B08D007537DF /* FeiNiu_CarOwner.app */,
				AD32E6431B68B08D007537DF /* FeiNiu_CarOwnerTests.xctest */,
			);
			name = Products;
			sourceTree = "<group>";
		};
		AD32E62C1B68B08D007537DF /* FeiNiu_CarOwner */ = {
			isa = PBXGroup;
			children = (
				ADE46DD01B78969D0092F9F7 /* Data */,
				AD94F2F41B74641000F2044B /* Protocol */,
				ADE34F371B71A4EA00270AE1 /* ViewController */,
				AD5D36841B96CAEA00BE17B6 /* UIView */,
				ADE34F391B71A77800270AE1 /* Storyboard */,
				AD32E6311B68B08D007537DF /* AppDelegate.h */,
				AD32E6321B68B08D007537DF /* AppDelegate.m */,
				AD32E6341B68B08D007537DF /* ViewController.h */,
				AD32E6351B68B08D007537DF /* ViewController.m */,
				AD32E63A1B68B08D007537DF /* Images.xcassets */,
				AD32E62D1B68B08D007537DF /* Supporting Files */,
			);
			path = FeiNiu_CarOwner;
			sourceTree = "<group>";
		};
		AD32E62D1B68B08D007537DF /* Supporting Files */ = {
			isa = PBXGroup;
			children = (
				AD2845FC1BA41B2C008C9D2F /* PushConfig.plist */,
				AD32E62E1B68B08D007537DF /* Info.plist */,
				AD32E62F1B68B08D007537DF /* main.m */,
			);
			name = "Supporting Files";
			sourceTree = "<group>";
		};
		AD5D36841B96CAEA00BE17B6 /* UIView */ = {
			isa = PBXGroup;
			children = (
				AD5D36871B96CBA600BE17B6 /* TaskFilterView.xib */,
				AD5D36891B96CC8600BE17B6 /* TaskFilterView.h */,
				AD5D368A1B96CC8600BE17B6 /* TaskFilterView.m */,
				AD8F49EB1BAFB55000A03C08 /* GrabOrderResultView.xib */,
				AD8F49ED1BAFB57900A03C08 /* GrabOrderResultView.h */,
				AD8F49EE1BAFB57900A03C08 /* GrabOrderResultView.m */,
			);
			path = UIView;
			sourceTree = "<group>";
		};
		AD94F2F41B74641000F2044B /* Protocol */ = {
			isa = PBXGroup;
			children = (
				AD94F2F51B74647C00F2044B /* ProtocolCarOwner.h */,
				AD94F2F61B74647C00F2044B /* ProtocolCarOwner.m */,
				AD94F2FA1B748C8F00F2044B /* JsonBuilderCarOwner.h */,
				AD94F2FB1B748C8F00F2044B /* JsonBuilderCarOwner.m */,
			);
			path = Protocol;
			sourceTree = "<group>";
		};
		ADE34F371B71A4EA00270AE1 /* ViewController */ = {
			isa = PBXGroup;
			children = (
				ADE34F381B71A4F900270AE1 /* main */,
				ADE34F9D1B71E9D900270AE1 /* vehicle */,
				ADE34F9E1B71EA1000270AE1 /* driver */,
				ADE34F9F1B71EB2100270AE1 /* order */,
				ADE34FA01B71EB4E00270AE1 /* task */,
				ADE34FA11B71EB7000270AE1 /* personal */,
			);
			name = ViewController;
			path = Class/ViewController;
			sourceTree = "<group>";
		};
		ADE34F381B71A4F900270AE1 /* main */ = {
			isa = PBXGroup;
			children = (
				AD8A076B1BE9B553006FDA27 /* CarOwnerBaseViewController.h */,
				AD8A076C1BE9B553006FDA27 /* CarOwnerBaseViewController.m */,
				ADE34F971B71C08500270AE1 /* CarOwnerRootViewController.h */,
				ADE34F981B71C08500270AE1 /* CarOwnerRootViewController.m */,
				ADE34F6F1B71B24A00270AE1 /* CarOwnerGuideViewController.h */,
				ADE34F701B71B24A00270AE1 /* CarOwnerGuideViewController.m */,
				ADE34FAF1B71F18B00270AE1 /* CarOwnerMainViewController.h */,
				ADE34FB01B71F18B00270AE1 /* CarOwnerMainViewController.m */,
				ADE46DCA1B78461F0092F9F7 /* CarOwnerLoginViewController.h */,
				ADE46DCB1B78461F0092F9F7 /* CarOwnerLoginViewController.m */,
				ADE46DCD1B7849C80092F9F7 /* CarOwnerRegistViewController.h */,
				ADE46DCE1B7849C80092F9F7 /* CarOwnerRegistViewController.m */,
				AD8586931B8B16E700385867 /* CarOwnerForgotPasswordViewController.h */,
				AD8586941B8B16E700385867 /* CarOwnerForgotPasswordViewController.m */,
			);
			path = main;
			sourceTree = "<group>";
		};
		ADE34F391B71A77800270AE1 /* Storyboard */ = {
			isa = PBXGroup;
			children = (
				AD32E63C1B68B08D007537DF /* LaunchScreen.xib */,
				AD32E6371B68B08D007537DF /* Main.storyboard */,
				ADE34FA21B71ECBF00270AE1 /* Vehicle.storyboard */,
				ADE34FA41B71ECD100270AE1 /* Driver.storyboard */,
				ADE34FA61B71ECE100270AE1 /* Order.storyboard */,
				ADE34FA81B71ECF600270AE1 /* Task.storyboard */,
				ADE34FAA1B71ED0700270AE1 /* Personal.storyboard */,
			);
			path = Storyboard;
			sourceTree = "<group>";
		};
		ADE34F8E1B71BE3500270AE1 /* Frameworks */ = {
			isa = PBXGroup;
			children = (
				ADB9DE091BD6177500DFAAC6 /* libsqlite3.0.tbd */,
				ADB9DE071BD6176100DFAAC6 /* libc++.tbd */,
				ADB9DE051BD6174F00DFAAC6 /* libsqlite3.tbd */,
				ADB9DE031BD6173700DFAAC6 /* libstdc++.6.0.9.tbd */,
				ADB9DE011BD6171500DFAAC6 /* libz.tbd */,
				ADBE9D251BA973D300961839 /* MJRefresh.bundle */,
				AD2845E41BA40CB7008C9D2F /* CoreFoundation.framework */,
				AD743F091B907B690096A184 /* XRUIView.bundle */,
				ADE46DBC1B75B1790092F9F7 /* Security.framework */,
				ADE46DB81B75B1350092F9F7 /* CoreTelephony.framework */,
				ADE46DB61B75B1280092F9F7 /* CoreLocation.framework */,
				ADE46DB41B75B11B0092F9F7 /* OpenGLES.framework */,
				ADE46DB21B75B1140092F9F7 /* QuartzCore.framework */,
				ADE46DB01B75B1000092F9F7 /* UIKit.framework */,
				ADE46DAA1B75B0C90092F9F7 /* AMap.bundle */,
				ADE46DAB1B75B0C90092F9F7 /* AMapSearchKit.framework */,
				ADE46DAC1B75B0C90092F9F7 /* MAMapKit.framework */,
				ADE46DA81B75B09D0092F9F7 /* Foundation.framework */,
				ADE46DA61B75B0800092F9F7 /* CoreGraphics.framework */,
				ADE46D9E1B75B01B0092F9F7 /* FNMap.framework */,
				ADE34F951B71BEFA00270AE1 /* MobileCoreServices.framework */,
				ADE34F911B71BEAC00270AE1 /* CFNetwork.framework */,
				ADE34F881B71BD8900270AE1 /* SystemConfiguration.framework */,
				ADE34F7E1B71BD4800270AE1 /* FNCommon.framework */,
				ADE34F7F1B71BD4800270AE1 /* FNDataModule.framework */,
				ADE34F801B71BD4800270AE1 /* FNDBManager.framework */,
				ADE34F811B71BD4800270AE1 /* FNNetInterface.framework */,
				ADE34F7C1B71BD1D00270AE1 /* FNUIView.framework */,
			);
			name = Frameworks;
			sourceTree = "<group>";
		};
		ADE34F9D1B71E9D900270AE1 /* vehicle */ = {
			isa = PBXGroup;
			children = (
				ADE46DBE1B75B28A0092F9F7 /* CarOwnerVehicleMainViewController.h */,
				ADE46DBF1B75B28A0092F9F7 /* CarOwnerVehicleMainViewController.m */,
				ADE46DDA1B7998A40092F9F7 /* CarOwnerAddVehicleViewController.h */,
				ADE46DDB1B7998A40092F9F7 /* CarOwnerAddVehicleViewController.m */,
				AD8586A01B8C6E9900385867 /* CarOwnerNotThroughVehicleViewController.h */,
				AD8586A11B8C6E9900385867 /* CarOwnerNotThroughVehicleViewController.m */,
				AD85869D1B8C548900385867 /* CarOwnerCompanySearchViewController.h */,
				AD85869E1B8C548900385867 /* CarOwnerCompanySearchViewController.m */,
				AD5D36D61B9AE55100BE17B6 /* CarOwnerDriverSearchViewController.h */,
				AD5D36D71B9AE55100BE17B6 /* CarOwnerDriverSearchViewController.m */,
				ADE46DE01B79D1840092F9F7 /* CarOwnerVehicleInforViewController.h */,
				ADE46DE11B79D1840092F9F7 /* CarOwnerVehicleInforViewController.m */,
				AD8586A31B8D5C0E00385867 /* CarOwnerTaskDetailsViewController.h */,
				AD8586A41B8D5C0E00385867 /* CarOwnerTaskDetailsViewController.m */,
			);
			path = vehicle;
			sourceTree = "<group>";
		};
		ADE34F9E1B71EA1000270AE1 /* driver */ = {
			isa = PBXGroup;
			children = (
				ADE46DE31B79D3100092F9F7 /* CarOwnerDriverMainViewController.h */,
				ADE46DE41B79D3100092F9F7 /* CarOwnerDriverMainViewController.m */,
				ADE46DE61B79D45F0092F9F7 /* CarOwnerEditorDriverViewController.h */,
				ADE46DE71B79D45F0092F9F7 /* CarOwnerEditorDriverViewController.m */,
				ADE46DE91B79D6090092F9F7 /* CarOwnerDriverInforViewController.h */,
				ADE46DEA1B79D6090092F9F7 /* CarOwnerDriverInforViewController.m */,
				AD4EE72D1BBF74C7006CE3E4 /* CarOwnerDriverTaskDetailsViewController.h */,
				AD4EE72E1BBF74C7006CE3E4 /* CarOwnerDriverTaskDetailsViewController.m */,
			);
			path = driver;
			sourceTree = "<group>";
		};
		ADE34F9F1B71EB2100270AE1 /* order */ = {
			isa = PBXGroup;
			children = (
				ADE46DEC1B79D7640092F9F7 /* CarOwnerOrderMainViewController.h */,
				ADE46DED1B79D7640092F9F7 /* CarOwnerOrderMainViewController.m */,
				AD5D367B1B9696F200BE17B6 /* CarOwnerOrderDetailOneViewController.h */,
				AD5D367C1B9696F200BE17B6 /* CarOwnerOrderDetailOneViewController.m */,
				AD5D367E1B96A08600BE17B6 /* CarOwnerOrderDetailTwoViewController.h */,
				AD5D367F1B96A08600BE17B6 /* CarOwnerOrderDetailTwoViewController.m */,
				AD5D36811B96A87C00BE17B6 /* CarOwnerSearchViewController.h */,
				AD5D36821B96A87C00BE17B6 /* CarOwnerSearchViewController.m */,
			);
			path = order;
			sourceTree = "<group>";
		};
		ADE34FA01B71EB4E00270AE1 /* task */ = {
			isa = PBXGroup;
			children = (
				ADE46DEF1B79DA2C0092F9F7 /* CarOwnerTaskMainViewController.h */,
				ADE46DF01B79DA2C0092F9F7 /* CarOwnerTaskMainViewController.m */,
				ADE46DF21B79DC2B0092F9F7 /* CarOwnerTaskDetailViewController.h */,
				ADE46DF31B79DC2B0092F9F7 /* CarOwnerTaskDetailViewController.m */,
			);
			path = task;
			sourceTree = "<group>";
		};
		ADE34FA11B71EB7000270AE1 /* personal */ = {
			isa = PBXGroup;
			children = (
				ADE46DDD1B79CD170092F9F7 /* CarOwnerPersonalMainViewController.h */,
				ADE46DDE1B79CD170092F9F7 /* CarOwnerPersonalMainViewController.m */,
				AD5D36781B955D1200BE17B6 /* CustomCollectionViewLayout.h */,
				AD5D36791B955D1200BE17B6 /* CustomCollectionViewLayout.m */,
			);
			path = personal;
			sourceTree = "<group>";
		};
		ADE46DD01B78969D0092F9F7 /* Data */ = {
			isa = PBXGroup;
			children = (
				ADE46DD41B7896F40092F9F7 /* FUCarOwnerResultParse.h */,
				ADE46DD51B7896F40092F9F7 /* FUCarOwnerResultParse.m */,
				AD5D368C1B97200C00BE17B6 /* CarOwnerPreferences.h */,
				AD5D368D1B97200C00BE17B6 /* CarOwnerPreferences.m */,
				AD5D36D31B99A11E00BE17B6 /* CarOwnerCompanySourceModel.h */,
				AD5D36D41B99A11E00BE17B6 /* CarOwnerCompanySourceModel.m */,
				AD91CFDA1B9D7D9300C3FD49 /* CarOwnerDriverModel.h */,
				AD91CFDB1B9D7D9300C3FD49 /* CarOwnerDriverModel.m */,
				AD91CFDD1B9FE23A00C3FD49 /* CarOwnerVehicleModel.h */,
				AD91CFDE1B9FE23A00C3FD49 /* CarOwnerVehicleModel.m */,
				ADE2704A1BAAA0D000D71A8C /* CarOwnerOrderModel.h */,
				ADE2704B1BAAA0D000D71A8C /* CarOwnerOrderModel.m */,
				ADA8B2BB1BB109B200CD1563 /* CarOwnerTaskModel.h */,
				ADA8B2BC1BB109B200CD1563 /* CarOwnerTaskModel.m */,
				AD9E67E51BB032E300A911B4 /* CarOwnerInforModel.h */,
				AD9E67E61BB032E300A911B4 /* CarOwnerInforModel.m */,
			);
			path = Data;
			sourceTree = "<group>";
		};
/* End PBXGroup section */

/* Begin PBXNativeTarget section */
		AD32E6291B68B08D007537DF /* FeiNiu_CarOwner */ = {
			isa = PBXNativeTarget;
			buildConfigurationList = AD32E64D1B68B08D007537DF /* Build configuration list for PBXNativeTarget "FeiNiu_CarOwner" */;
			buildPhases = (
				AD32E6261B68B08D007537DF /* Sources */,
				AD32E6271B68B08D007537DF /* Frameworks */,
				AD32E6281B68B08D007537DF /* Resources */,
			);
			buildRules = (
			);
			dependencies = (
			);
			name = FeiNiu_CarOwner;
			productName = FeiNiu_CarOwner;
			productReference = AD32E62A1B68B08D007537DF /* FeiNiu_CarOwner.app */;
			productType = "com.apple.product-type.application";
		};
		AD32E6421B68B08D007537DF /* FeiNiu_CarOwnerTests */ = {
			isa = PBXNativeTarget;
			buildConfigurationList = AD32E6501B68B08D007537DF /* Build configuration list for PBXNativeTarget "FeiNiu_CarOwnerTests" */;
			buildPhases = (
				AD32E63F1B68B08D007537DF /* Sources */,
				AD32E6401B68B08D007537DF /* Frameworks */,
				AD32E6411B68B08D007537DF /* Resources */,
			);
			buildRules = (
			);
			dependencies = (
				AD32E6451B68B08D007537DF /* PBXTargetDependency */,
			);
			name = FeiNiu_CarOwnerTests;
			productName = FeiNiu_CarOwnerTests;
			productReference = AD32E6431B68B08D007537DF /* FeiNiu_CarOwnerTests.xctest */;
			productType = "com.apple.product-type.bundle.unit-test";
		};
/* End PBXNativeTarget section */

/* Begin PBXProject section */
		AD32E6221B68B08D007537DF /* Project object */ = {
			isa = PBXProject;
			attributes = {
				CLASSPREFIX = CarOwner;
				LastUpgradeCheck = 0640;
				ORGANIZATIONNAME = feiniubus.com;
				TargetAttributes = {
					AD32E6291B68B08D007537DF = {
						CreatedOnToolsVersion = 6.4;
						DevelopmentTeam = TB4QX9ESE4;
						SystemCapabilities = {
							com.apple.BackgroundModes = {
								enabled = 1;
							};
						};
					};
					AD32E6421B68B08D007537DF = {
						CreatedOnToolsVersion = 6.4;
						TestTargetID = AD32E6291B68B08D007537DF;
					};
				};
			};
			buildConfigurationList = AD32E6251B68B08D007537DF /* Build configuration list for PBXProject "FeiNiu_CarOwner" */;
			compatibilityVersion = "Xcode 3.2";
			developmentRegion = English;
			hasScannedForEncodings = 0;
			knownRegions = (
				en,
				Base,
			);
			mainGroup = AD32E6211B68B08D007537DF;
			productRefGroup = AD32E62B1B68B08D007537DF /* Products */;
			projectDirPath = "";
			projectRoot = "";
			targets = (
				AD32E6291B68B08D007537DF /* FeiNiu_CarOwner */,
				AD32E6421B68B08D007537DF /* FeiNiu_CarOwnerTests */,
			);
		};
/* End PBXProject section */

/* Begin PBXResourcesBuildPhase section */
		AD32E6281B68B08D007537DF /* Resources */ = {
			isa = PBXResourcesBuildPhase;
			buildActionMask = 2147483647;
			files = (
				AD743F0A1B907B690096A184 /* XRUIView.bundle in Resources */,
				ADE46DAD1B75B0C90092F9F7 /* AMap.bundle in Resources */,
				ADE34FA51B71ECD100270AE1 /* Driver.storyboard in Resources */,
				AD32E6391B68B08D007537DF /* Main.storyboard in Resources */,
				AD2845FD1BA41B2C008C9D2F /* PushConfig.plist in Resources */,
				ADE34FA31B71ECBF00270AE1 /* Vehicle.storyboard in Resources */,
				ADE34FA91B71ECF600270AE1 /* Task.storyboard in Resources */,
				ADBE9D261BA973D300961839 /* MJRefresh.bundle in Resources */,
				AD8F49EC1BAFB55000A03C08 /* GrabOrderResultView.xib in Resources */,
				AD5D36881B96CBA600BE17B6 /* TaskFilterView.xib in Resources */,
				AD32E63E1B68B08D007537DF /* LaunchScreen.xib in Resources */,
				AD32E63B1B68B08D007537DF /* Images.xcassets in Resources */,
				ADE34FAB1B71ED0700270AE1 /* Personal.storyboard in Resources */,
				ADE34FA71B71ECE100270AE1 /* Order.storyboard in Resources */,
			);
			runOnlyForDeploymentPostprocessing = 0;
		};
		AD32E6411B68B08D007537DF /* Resources */ = {
			isa = PBXResourcesBuildPhase;
			buildActionMask = 2147483647;
			files = (
			);
			runOnlyForDeploymentPostprocessing = 0;
		};
/* End PBXResourcesBuildPhase section */

/* Begin PBXSourcesBuildPhase section */
		AD32E6261B68B08D007537DF /* Sources */ = {
			isa = PBXSourcesBuildPhase;
			buildActionMask = 2147483647;
			files = (
				ADE46DD61B7896F40092F9F7 /* FUCarOwnerResultParse.m in Sources */,
				AD32E6361B68B08D007537DF /* ViewController.m in Sources */,
				ADE46DCF1B7849C80092F9F7 /* CarOwnerRegistViewController.m in Sources */,
				AD5D36831B96A87C00BE17B6 /* CarOwnerSearchViewController.m in Sources */,
				AD5D367A1B955D1200BE17B6 /* CustomCollectionViewLayout.m in Sources */,
				AD8586951B8B16E700385867 /* CarOwnerForgotPasswordViewController.m in Sources */,
				ADE46DCC1B78461F0092F9F7 /* CarOwnerLoginViewController.m in Sources */,
				ADE46DDF1B79CD170092F9F7 /* CarOwnerPersonalMainViewController.m in Sources */,
				ADE46DE21B79D1840092F9F7 /* CarOwnerVehicleInforViewController.m in Sources */,
				ADE46DE51B79D3100092F9F7 /* CarOwnerDriverMainViewController.m in Sources */,
				AD91CFDF1B9FE23A00C3FD49 /* CarOwnerVehicleModel.m in Sources */,
				AD32E6331B68B08D007537DF /* AppDelegate.m in Sources */,
				ADE46DDC1B7998A40092F9F7 /* CarOwnerAddVehicleViewController.m in Sources */,
				ADE46DF41B79DC2B0092F9F7 /* CarOwnerTaskDetailViewController.m in Sources */,
				AD5D368B1B96CC8600BE17B6 /* TaskFilterView.m in Sources */,
				AD9E67E71BB032E400A911B4 /* CarOwnerInforModel.m in Sources */,
				AD94F2FC1B748C8F00F2044B /* JsonBuilderCarOwner.m in Sources */,
				ADE46DEE1B79D7640092F9F7 /* CarOwnerOrderMainViewController.m in Sources */,
				AD5D36801B96A08600BE17B6 /* CarOwnerOrderDetailTwoViewController.m in Sources */,
				ADE34F711B71B24A00270AE1 /* CarOwnerGuideViewController.m in Sources */,
				AD8586A21B8C6E9900385867 /* CarOwnerNotThroughVehicleViewController.m in Sources */,
				AD8586A51B8D5C0E00385867 /* CarOwnerTaskDetailsViewController.m in Sources */,
				AD91CFDC1B9D7D9300C3FD49 /* CarOwnerDriverModel.m in Sources */,
				AD5D368E1B97200C00BE17B6 /* CarOwnerPreferences.m in Sources */,
				ADE34F991B71C08500270AE1 /* CarOwnerRootViewController.m in Sources */,
				ADE46DC01B75B28A0092F9F7 /* CarOwnerVehicleMainViewController.m in Sources */,
				ADE2704C1BAAA0D000D71A8C /* CarOwnerOrderModel.m in Sources */,
				ADE46DF11B79DA2C0092F9F7 /* CarOwnerTaskMainViewController.m in Sources */,
				ADE34FB11B71F18B00270AE1 /* CarOwnerMainViewController.m in Sources */,
				AD5D367D1B9696F200BE17B6 /* CarOwnerOrderDetailOneViewController.m in Sources */,
				ADE46DEB1B79D6090092F9F7 /* CarOwnerDriverInforViewController.m in Sources */,
				AD32E6301B68B08D007537DF /* main.m in Sources */,
				AD8A076D1BE9B553006FDA27 /* CarOwnerBaseViewController.m in Sources */,
				AD8F49EF1BAFB57900A03C08 /* GrabOrderResultView.m in Sources */,
				AD4EE72F1BBF74C7006CE3E4 /* CarOwnerDriverTaskDetailsViewController.m in Sources */,
				ADA8B2BD1BB109B200CD1563 /* CarOwnerTaskModel.m in Sources */,
				AD5D36D81B9AE55100BE17B6 /* CarOwnerDriverSearchViewController.m in Sources */,
				AD85869F1B8C548900385867 /* CarOwnerCompanySearchViewController.m in Sources */,
				AD94F2F71B74647C00F2044B /* ProtocolCarOwner.m in Sources */,
				ADE46DE81B79D45F0092F9F7 /* CarOwnerEditorDriverViewController.m in Sources */,
				AD5D36D51B99A11E00BE17B6 /* CarOwnerCompanySourceModel.m in Sources */,
			);
			runOnlyForDeploymentPostprocessing = 0;
		};
		AD32E63F1B68B08D007537DF /* Sources */ = {
			isa = PBXSourcesBuildPhase;
			buildActionMask = 2147483647;
			files = (
			);
			runOnlyForDeploymentPostprocessing = 0;
		};
/* End PBXSourcesBuildPhase section */

/* Begin PBXTargetDependency section */
		AD32E6451B68B08D007537DF /* PBXTargetDependency */ = {
			isa = PBXTargetDependency;
			target = AD32E6291B68B08D007537DF /* FeiNiu_CarOwner */;
			targetProxy = AD32E6441B68B08D007537DF /* PBXContainerItemProxy */;
		};
/* End PBXTargetDependency section */

/* Begin PBXVariantGroup section */
		AD32E6371B68B08D007537DF /* Main.storyboard */ = {
			isa = PBXVariantGroup;
			children = (
				AD32E6381B68B08D007537DF /* Base */,
			);
			name = Main.storyboard;
			path = ..;
			sourceTree = "<group>";
		};
		AD32E63C1B68B08D007537DF /* LaunchScreen.xib */ = {
			isa = PBXVariantGroup;
			children = (
				AD32E63D1B68B08D007537DF /* Base */,
			);
			name = LaunchScreen.xib;
			path = ..;
			sourceTree = "<group>";
		};
/* End PBXVariantGroup section */

/* Begin XCBuildConfiguration section */
		AD32E64B1B68B08D007537DF /* Debug */ = {
			isa = XCBuildConfiguration;
			buildSettings = {
				ALWAYS_SEARCH_USER_PATHS = NO;
				CLANG_CXX_LANGUAGE_STANDARD = "gnu++0x";
				CLANG_CXX_LIBRARY = "libc++";
				CLANG_ENABLE_MODULES = YES;
				CLANG_ENABLE_OBJC_ARC = YES;
				CLANG_WARN_BOOL_CONVERSION = YES;
				CLANG_WARN_CONSTANT_CONVERSION = YES;
				CLANG_WARN_DIRECT_OBJC_ISA_USAGE = YES_ERROR;
				CLANG_WARN_EMPTY_BODY = YES;
				CLANG_WARN_ENUM_CONVERSION = YES;
				CLANG_WARN_INT_CONVERSION = YES;
				CLANG_WARN_OBJC_ROOT_CLASS = YES_ERROR;
				CLANG_WARN_UNREACHABLE_CODE = YES;
				CLANG_WARN__DUPLICATE_METHOD_MATCH = YES;
				"CODE_SIGN_IDENTITY[sdk=iphoneos*]" = "iPhone Developer";
				COPY_PHASE_STRIP = NO;
				DEBUG_INFORMATION_FORMAT = "dwarf-with-dsym";
				ENABLE_STRICT_OBJC_MSGSEND = YES;
				GCC_C_LANGUAGE_STANDARD = gnu99;
				GCC_DYNAMIC_NO_PIC = NO;
				GCC_NO_COMMON_BLOCKS = YES;
				GCC_OPTIMIZATION_LEVEL = 0;
				GCC_PREPROCESSOR_DEFINITIONS = (
					"DEBUG=1",
					"$(inherited)",
				);
				GCC_SYMBOLS_PRIVATE_EXTERN = NO;
				GCC_WARN_64_TO_32_BIT_CONVERSION = YES;
				GCC_WARN_ABOUT_RETURN_TYPE = YES_ERROR;
				GCC_WARN_UNDECLARED_SELECTOR = YES;
				GCC_WARN_UNINITIALIZED_AUTOS = YES_AGGRESSIVE;
				GCC_WARN_UNUSED_FUNCTION = YES;
				GCC_WARN_UNUSED_VARIABLE = YES;
				IPHONEOS_DEPLOYMENT_TARGET = 7.0;
				MTL_ENABLE_DEBUG_INFO = YES;
				ONLY_ACTIVE_ARCH = YES;
				SDKROOT = iphoneos;
			};
			name = Debug;
		};
		AD32E64C1B68B08D007537DF /* Release */ = {
			isa = XCBuildConfiguration;
			buildSettings = {
				ALWAYS_SEARCH_USER_PATHS = NO;
				CLANG_CXX_LANGUAGE_STANDARD = "gnu++0x";
				CLANG_CXX_LIBRARY = "libc++";
				CLANG_ENABLE_MODULES = YES;
				CLANG_ENABLE_OBJC_ARC = YES;
				CLANG_WARN_BOOL_CONVERSION = YES;
				CLANG_WARN_CONSTANT_CONVERSION = YES;
				CLANG_WARN_DIRECT_OBJC_ISA_USAGE = YES_ERROR;
				CLANG_WARN_EMPTY_BODY = YES;
				CLANG_WARN_ENUM_CONVERSION = YES;
				CLANG_WARN_INT_CONVERSION = YES;
				CLANG_WARN_OBJC_ROOT_CLASS = YES_ERROR;
				CLANG_WARN_UNREACHABLE_CODE = YES;
				CLANG_WARN__DUPLICATE_METHOD_MATCH = YES;
				"CODE_SIGN_IDENTITY[sdk=iphoneos*]" = "iPhone Developer";
				COPY_PHASE_STRIP = NO;
				DEBUG_INFORMATION_FORMAT = "dwarf-with-dsym";
				ENABLE_NS_ASSERTIONS = NO;
				ENABLE_STRICT_OBJC_MSGSEND = YES;
				GCC_C_LANGUAGE_STANDARD = gnu99;
				GCC_NO_COMMON_BLOCKS = YES;
				GCC_WARN_64_TO_32_BIT_CONVERSION = YES;
				GCC_WARN_ABOUT_RETURN_TYPE = YES_ERROR;
				GCC_WARN_UNDECLARED_SELECTOR = YES;
				GCC_WARN_UNINITIALIZED_AUTOS = YES_AGGRESSIVE;
				GCC_WARN_UNUSED_FUNCTION = YES;
				GCC_WARN_UNUSED_VARIABLE = YES;
				IPHONEOS_DEPLOYMENT_TARGET = 7.0;
				MTL_ENABLE_DEBUG_INFO = NO;
				SDKROOT = iphoneos;
				VALIDATE_PRODUCT = YES;
			};
			name = Release;
		};
		AD32E64E1B68B08D007537DF /* Debug */ = {
			isa = XCBuildConfiguration;
			buildSettings = {
				ASSETCATALOG_COMPILER_APPICON_NAME = AppIcon;
				ASSETCATALOG_COMPILER_LAUNCHIMAGE_NAME = LaunchImage;
				CLANG_CXX_LIBRARY = "libc++";
				CODE_SIGN_IDENTITY = "iPhone Developer: Bo Tian (8Y3FVZ6GRL)";
				"CODE_SIGN_IDENTITY[sdk=iphoneos*]" = "iPhone Developer: Bo Tian (8Y3FVZ6GRL)";
				ENABLE_BITCODE = NO;
				FRAMEWORK_SEARCH_PATHS = (
					"$(inherited)",
					"/Users/yidafeiniu/Documents/Project/feiniubus/FNUIView/build/Debug-iphoneos",
					"/Users/yidafeiniu/Documents/Project/feiniubus/FNCommon/build/Debug-iphoneos",
					"/Users/yidafeiniu/Documents/Project/feiniubus/FNDataModule/build/Debug-iphoneos",
					"/Users/yidafeiniu/Documents/Project/feiniubus/FNDBManager/build/Debug-iphoneos",
					"/Users/yidafeiniu/Documents/Project/feiniubus/FNNetInterface/build/Debug-iphoneos",
					"$(USER_LIBRARY_DIR)/Developer/Xcode/DerivedData/FeiNiuBus-cazjmrmbvnmlrlewhrojeadllqnl/Build/Products/Debug-iphoneos",
					/Users/yidafeiniu/Desktop,
					"$(PROJECT_DIR)",
				);
				INFOPLIST_FILE = FeiNiu_CarOwner/Info.plist;
				IPHONEOS_DEPLOYMENT_TARGET = 7.0;
				LD_RUNPATH_SEARCH_PATHS = "$(inherited) @executable_path/Frameworks";
				LIBRARY_SEARCH_PATHS = (
					"$(inherited)",
					/Users/yidafeiniu/Desktop,
				);
				OTHER_LDFLAGS = "-ObjC";
				PRODUCT_NAME = "$(TARGET_NAME)";
				PROVISIONING_PROFILE = "3ba444ca-13f1-4146-ad04-42bf300f2d24";
			};
			name = Debug;
		};
		AD32E64F1B68B08D007537DF /* Release */ = {
			isa = XCBuildConfiguration;
			buildSettings = {
				ASSETCATALOG_COMPILER_APPICON_NAME = AppIcon;
				ASSETCATALOG_COMPILER_LAUNCHIMAGE_NAME = LaunchImage;
				CLANG_CXX_LIBRARY = "libc++";
				CODE_SIGN_IDENTITY = "iPhone Developer: Bo Tian (8Y3FVZ6GRL)";
				"CODE_SIGN_IDENTITY[sdk=iphoneos*]" = "iPhone Developer: Bo Tian (8Y3FVZ6GRL)";
				ENABLE_BITCODE = NO;
				FRAMEWORK_SEARCH_PATHS = (
					"$(inherited)",
					"/Users/yidafeiniu/Documents/Project/feiniubus/FNUIView/build/Debug-iphoneos",
					"/Users/yidafeiniu/Documents/Project/feiniubus/FNCommon/build/Debug-iphoneos",
					"/Users/yidafeiniu/Documents/Project/feiniubus/FNDataModule/build/Debug-iphoneos",
					"/Users/yidafeiniu/Documents/Project/feiniubus/FNDBManager/build/Debug-iphoneos",
					"/Users/yidafeiniu/Documents/Project/feiniubus/FNNetInterface/build/Debug-iphoneos",
					"$(USER_LIBRARY_DIR)/Developer/Xcode/DerivedData/FeiNiuBus-cazjmrmbvnmlrlewhrojeadllqnl/Build/Products/Debug-iphoneos",
					/Users/yidafeiniu/Desktop,
					"$(PROJECT_DIR)",
				);
				INFOPLIST_FILE = FeiNiu_CarOwner/Info.plist;
				IPHONEOS_DEPLOYMENT_TARGET = 7.0;
				LD_RUNPATH_SEARCH_PATHS = "$(inherited) @executable_path/Frameworks";
				LIBRARY_SEARCH_PATHS = (
					"$(inherited)",
					/Users/yidafeiniu/Desktop,
				);
				OTHER_LDFLAGS = "-ObjC";
				PRODUCT_NAME = "$(TARGET_NAME)";
				PROVISIONING_PROFILE = "3ba444ca-13f1-4146-ad04-42bf300f2d24";
			};
			name = Release;
		};
		AD32E6511B68B08D007537DF /* Debug */ = {
			isa = XCBuildConfiguration;
			buildSettings = {
				BUNDLE_LOADER = "$(TEST_HOST)";
				FRAMEWORK_SEARCH_PATHS = (
					"$(SDKROOT)/Developer/Library/Frameworks",
					"$(inherited)",
				);
				GCC_PREPROCESSOR_DEFINITIONS = (
					"DEBUG=1",
					"$(inherited)",
				);
				INFOPLIST_FILE = FeiNiu_CarOwnerTests/Info.plist;
				LD_RUNPATH_SEARCH_PATHS = "$(inherited) @executable_path/Frameworks @loader_path/Frameworks";
				PRODUCT_NAME = "$(TARGET_NAME)";
				TEST_HOST = "$(BUILT_PRODUCTS_DIR)/FeiNiu_CarOwner.app/FeiNiu_CarOwner";
			};
			name = Debug;
		};
		AD32E6521B68B08D007537DF /* Release */ = {
			isa = XCBuildConfiguration;
			buildSettings = {
				BUNDLE_LOADER = "$(TEST_HOST)";
				FRAMEWORK_SEARCH_PATHS = (
					"$(SDKROOT)/Developer/Library/Frameworks",
					"$(inherited)",
				);
				INFOPLIST_FILE = FeiNiu_CarOwnerTests/Info.plist;
				LD_RUNPATH_SEARCH_PATHS = "$(inherited) @executable_path/Frameworks @loader_path/Frameworks";
				PRODUCT_NAME = "$(TARGET_NAME)";
				TEST_HOST = "$(BUILT_PRODUCTS_DIR)/FeiNiu_CarOwner.app/FeiNiu_CarOwner";
			};
			name = Release;
		};
/* End XCBuildConfiguration section */

/* Begin XCConfigurationList section */
		AD32E6251B68B08D007537DF /* Build configuration list for PBXProject "FeiNiu_CarOwner" */ = {
			isa = XCConfigurationList;
			buildConfigurations = (
				AD32E64B1B68B08D007537DF /* Debug */,
				AD32E64C1B68B08D007537DF /* Release */,
			);
			defaultConfigurationIsVisible = 0;
			defaultConfigurationName = Release;
		};
		AD32E64D1B68B08D007537DF /* Build configuration list for PBXNativeTarget "FeiNiu_CarOwner" */ = {
			isa = XCConfigurationList;
			buildConfigurations = (
				AD32E64E1B68B08D007537DF /* Debug */,
				AD32E64F1B68B08D007537DF /* Release */,
			);
			defaultConfigurationIsVisible = 0;
			defaultConfigurationName = Release;
		};
		AD32E6501B68B08D007537DF /* Build configuration list for PBXNativeTarget "FeiNiu_CarOwnerTests" */ = {
			isa = XCConfigurationList;
			buildConfigurations = (
				AD32E6511B68B08D007537DF /* Debug */,
				AD32E6521B68B08D007537DF /* Release */,
			);
			defaultConfigurationIsVisible = 0;
			defaultConfigurationName = Release;
		};
/* End XCConfigurationList section */
	};
	rootObject = AD32E6221B68B08D007537DF /* Project object */;
}
